Microsoft Visual Studio Solution File, Format Version 12.00
# Visual Studio Version 17
VisualStudioVersion = 17.5.2.0
MinimumVisualStudioVersion = 10.0.40219.1
Project("{FAE04EC0-301F-11D3-BF4B-00C04F79EFBC}") = "MLModelTrainer", "MLModelTrainer.csproj", "{8AFB6F09-CB04-D26E-D7EC-DA89C95223B7}"
EndProject
Global
	GlobalSection(SolutionConfigurationPlatforms) = preSolution
		Debug|Any CPU = Debug|Any CPU
		Release|Any CPU = Release|Any CPU
	EndGlobalSection
	GlobalSection(ProjectConfigurationPlatforms) = postSolution
		{8AFB6F09-CB04-D26E-D7EC-DA89C95223B7}.Debug|Any CPU.ActiveCfg = Debug|Any CPU
		{8AFB6F09-CB04-D26E-D7EC-DA89C95223B7}.Debug|Any CPU.Build.0 = Debug|Any CPU
		{8AFB6F09-CB04-D26E-D7EC-DA89C95223B7}.Release|Any CPU.ActiveCfg = Release|Any CPU
		{8AFB6F09-CB04-D26E-D7EC-DA89C95223B7}.Release|Any CPU.Build.0 = Release|Any CPU
	EndGlobalSection
	GlobalSection(SolutionProperties) = preSolution
		HideSolutionNode = FALSE
	EndGlobalSection
	GlobalSection(ExtensibilityGlobals) = postSolution
		SolutionGuid = {2DFF23FE-F864-4294-8603-77F05B058261}
	EndGlobalSection
EndGlobal
